// !$*UTF8*$!
{
	archiveVersion = 1;
	classes = {
	};
	objectVersion = 56;
	objects = {

/* Begin PBXBuildFile section */
		086D7E082B220C50003886C6 /* ArcadeGameView.swift in Sources */ = {isa = PBXBuildFile; fileRef = 086D7E072B220C50003886C6 /* ArcadeGameView.swift */; };
		086D7E0A2B220C66003886C6 /* ArcadeGameScene.swift in Sources */ = {isa = PBXBuildFile; fileRef = 086D7E092B220C66003886C6 /* ArcadeGameScene.swift */; };
		086D7E0C2B220D15003886C6 /* ArcadeGameLogic.swift in Sources */ = {isa = PBXBuildFile; fileRef = 086D7E0B2B220D15003886C6 /* ArcadeGameLogic.swift */; };
		086D7E102B220DB2003886C6 /* Constants.swift in Sources */ = {isa = PBXBuildFile; fileRef = 086D7E0F2B220DB2003886C6 /* Constants.swift */; };
		086D7E122B220E22003886C6 /* GameDurationView.swift in Sources */ = {isa = PBXBuildFile; fileRef = 086D7E112B220E22003886C6 /* GameDurationView.swift */; };
		086D7E142B220E68003886C6 /* GameScoreView.swift in Sources */ = {isa = PBXBuildFile; fileRef = 086D7E132B220E68003886C6 /* GameScoreView.swift */; };
		086D7E172B221638003886C6 /* MainScreenView.swift in Sources */ = {isa = PBXBuildFile; fileRef = 086D7E162B221638003886C6 /* MainScreenView.swift */; };
		086D7E1A2B22166D003886C6 /* GameOverView.swift in Sources */ = {isa = PBXBuildFile; fileRef = 086D7E192B22166D003886C6 /* GameOverView.swift */; };
		08AE667F2B3094C300CCFE74 /* Daydream.ttf in Resources */ = {isa = PBXBuildFile; fileRef = 08AE667E2B3094C300CCFE74 /* Daydream.ttf */; };
		08AE66822B30AD8800CCFE74 /* InstructionView.swift in Sources */ = {isa = PBXBuildFile; fileRef = 08AE66812B30AD8800CCFE74 /* InstructionView.swift */; };
		11E6642F2B2B278500239DAD /* Character.swift in Sources */ = {isa = PBXBuildFile; fileRef = 11E6642E2B2B278500239DAD /* Character.swift */; };
		2E004EFF2B20D08A007EF8EB /* OpAwesomeApp.swift in Sources */ = {isa = PBXBuildFile; fileRef = 2E004EFE2B20D08A007EF8EB /* OpAwesomeApp.swift */; };
		2E004F012B20D08A007EF8EB /* ContentView.swift in Sources */ = {isa = PBXBuildFile; fileRef = 2E004F002B20D08A007EF8EB /* ContentView.swift */; };
		2E004F032B20D08B007EF8EB /* Assets.xcassets in Resources */ = {isa = PBXBuildFile; fileRef = 2E004F022B20D08B007EF8EB /* Assets.xcassets */; };
		2E004F062B20D08B007EF8EB /* Preview Assets.xcassets in Resources */ = {isa = PBXBuildFile; fileRef = 2E004F052B20D08B007EF8EB /* Preview Assets.xcassets */; };
		697818B12B30A8D000F67C74 /* Score.swift in Sources */ = {isa = PBXBuildFile; fileRef = 697818B02B30A8D000F67C74 /* Score.swift */; };
		697818B32B30A8F000F67C74 /* Store.swift in Sources */ = {isa = PBXBuildFile; fileRef = 697818B22B30A8F000F67C74 /* Store.swift */; };
		697818B52B30AB9800F67C74 /* LeaderBoardView.swift in Sources */ = {isa = PBXBuildFile; fileRef = 697818B42B30AB9800F67C74 /* LeaderBoardView.swift */; };
/* End PBXBuildFile section */

/* Begin PBXFileReference section */
		086D7E072B220C50003886C6 /* ArcadeGameView.swift */ = {isa = PBXFileReference; lastKnownFileType = sourcecode.swift; path = ArcadeGameView.swift; sourceTree = "<group>"; };
		086D7E092B220C66003886C6 /* ArcadeGameScene.swift */ = {isa = PBXFileReference; lastKnownFileType = sourcecode.swift; path = ArcadeGameScene.swift; sourceTree = "<group>"; };
		086D7E0B2B220D15003886C6 /* ArcadeGameLogic.swift */ = {isa = PBXFileReference; lastKnownFileType = sourcecode.swift; path = ArcadeGameLogic.swift; sourceTree = "<group>"; };
		086D7E0F2B220DB2003886C6 /* Constants.swift */ = {isa = PBXFileReference; lastKnownFileType = sourcecode.swift; path = Constants.swift; sourceTree = "<group>"; };
		086D7E112B220E22003886C6 /* GameDurationView.swift */ = {isa = PBXFileReference; lastKnownFileType = sourcecode.swift; path = GameDurationView.swift; sourceTree = "<group>"; };
		086D7E132B220E68003886C6 /* GameScoreView.swift */ = {isa = PBXFileReference; lastKnownFileType = sourcecode.swift; path = GameScoreView.swift; sourceTree = "<group>"; };
		086D7E162B221638003886C6 /* MainScreenView.swift */ = {isa = PBXFileReference; lastKnownFileType = sourcecode.swift; path = MainScreenView.swift; sourceTree = "<group>"; };
		086D7E192B22166D003886C6 /* GameOverView.swift */ = {isa = PBXFileReference; lastKnownFileType = sourcecode.swift; path = GameOverView.swift; sourceTree = "<group>"; };
		08AE667E2B3094C300CCFE74 /* Daydream.ttf */ = {isa = PBXFileReference; lastKnownFileType = file; path = Daydream.ttf; sourceTree = "<group>"; };
		08AE66802B309A3800CCFE74 /* Info.plist */ = {isa = PBXFileReference; lastKnownFileType = text.plist; path = Info.plist; sourceTree = "<group>"; };
		08AE66812B30AD8800CCFE74 /* InstructionView.swift */ = {isa = PBXFileReference; lastKnownFileType = sourcecode.swift; path = InstructionView.swift; sourceTree = "<group>"; };
		11E6642E2B2B278500239DAD /* Character.swift */ = {isa = PBXFileReference; lastKnownFileType = sourcecode.swift; path = Character.swift; sourceTree = "<group>"; };
		2E004EFB2B20D08A007EF8EB /* OpAwesome.app */ = {isa = PBXFileReference; explicitFileType = wrapper.application; includeInIndex = 0; path = OpAwesome.app; sourceTree = BUILT_PRODUCTS_DIR; };
		2E004EFE2B20D08A007EF8EB /* OpAwesomeApp.swift */ = {isa = PBXFileReference; lastKnownFileType = sourcecode.swift; path = OpAwesomeApp.swift; sourceTree = "<group>"; };
		2E004F002B20D08A007EF8EB /* ContentView.swift */ = {isa = PBXFileReference; lastKnownFileType = sourcecode.swift; path = ContentView.swift; sourceTree = "<group>"; };
		2E004F022B20D08B007EF8EB /* Assets.xcassets */ = {isa = PBXFileReference; lastKnownFileType = folder.assetcatalog; path = Assets.xcassets; sourceTree = "<group>"; };
		2E004F052B20D08B007EF8EB /* Preview Assets.xcassets */ = {isa = PBXFileReference; lastKnownFileType = folder.assetcatalog; path = "Preview Assets.xcassets"; sourceTree = "<group>"; };
		697818B02B30A8D000F67C74 /* Score.swift */ = {isa = PBXFileReference; lastKnownFileType = sourcecode.swift; path = Score.swift; sourceTree = "<group>"; };
		697818B22B30A8F000F67C74 /* Store.swift */ = {isa = PBXFileReference; lastKnownFileType = sourcecode.swift; path = Store.swift; sourceTree = "<group>"; };
		697818B42B30AB9800F67C74 /* LeaderBoardView.swift */ = {isa = PBXFileReference; lastKnownFileType = sourcecode.swift; path = LeaderBoardView.swift; sourceTree = "<group>"; };
/* End PBXFileReference section */

/* Begin PBXFrameworksBuildPhase section */
		2E004EF82B20D08A007EF8EB /* Frameworks */ = {
			isa = PBXFrameworksBuildPhase;
			buildActionMask = 2147483647;
			files = (
			);
			runOnlyForDeploymentPostprocessing = 0;
		};
/* End PBXFrameworksBuildPhase section */

/* Begin PBXGroup section */
		086D7E062B220C38003886C6 /* Game */ = {
			isa = PBXGroup;
			children = (
				086D7E072B220C50003886C6 /* ArcadeGameView.swift */,
				086D7E132B220E68003886C6 /* GameScoreView.swift */,
				086D7E112B220E22003886C6 /* GameDurationView.swift */,
				086D7E0B2B220D15003886C6 /* ArcadeGameLogic.swift */,
				086D7E092B220C66003886C6 /* ArcadeGameScene.swift */,
				11E6642E2B2B278500239DAD /* Character.swift */,
			);
			path = Game;
			sourceTree = "<group>";
		};
		086D7E0E2B220D8D003886C6 /* Supporting Files */ = {
			isa = PBXGroup;
			children = (
				086D7E0F2B220DB2003886C6 /* Constants.swift */,
			);
			path = "Supporting Files";
			sourceTree = "<group>";
		};
		086D7E152B22161D003886C6 /* Main Screen */ = {
			isa = PBXGroup;
			children = (
				086D7E162B221638003886C6 /* MainScreenView.swift */,
				08AE66812B30AD8800CCFE74 /* InstructionView.swift */,
			);
			path = "Main Screen";
			sourceTree = "<group>";
		};
		086D7E182B22165D003886C6 /* Game Over */ = {
			isa = PBXGroup;
			children = (
				086D7E192B22166D003886C6 /* GameOverView.swift */,
				697818B42B30AB9800F67C74 /* LeaderBoardView.swift */,
			);
			path = "Game Over";
			sourceTree = "<group>";
		};
		08FF2C492B30804700AEFEBC /* Fonts */ = {
			isa = PBXGroup;
			children = (
				08AE667E2B3094C300CCFE74 /* Daydream.ttf */,
			);
			path = Fonts;
			sourceTree = "<group>";
		};
		2E004EF22B20D08A007EF8EB = {
			isa = PBXGroup;
			children = (
				2E004EFD2B20D08A007EF8EB /* OpAwesome */,
				2E004EFC2B20D08A007EF8EB /* Products */,
			);
			sourceTree = "<group>";
		};
		2E004EFC2B20D08A007EF8EB /* Products */ = {
			isa = PBXGroup;
			children = (
				2E004EFB2B20D08A007EF8EB /* OpAwesome.app */,
			);
			name = Products;
			sourceTree = "<group>";
		};
		2E004EFD2B20D08A007EF8EB /* OpAwesome */ = {
			isa = PBXGroup;
			children = (
				08AE66802B309A3800CCFE74 /* Info.plist */,
				08FF2C492B30804700AEFEBC /* Fonts */,
				697818AF2B30A8AF00F67C74 /* DataManagement */,
				086D7E182B22165D003886C6 /* Game Over */,
				2E004EFE2B20D08A007EF8EB /* OpAwesomeApp.swift */,
				2E004F002B20D08A007EF8EB /* ContentView.swift */,
				086D7E152B22161D003886C6 /* Main Screen */,
				086D7E0E2B220D8D003886C6 /* Supporting Files */,
				086D7E062B220C38003886C6 /* Game */,
				2E004F022B20D08B007EF8EB /* Assets.xcassets */,
				2E004F042B20D08B007EF8EB /* Preview Content */,
			);
			path = OpAwesome;
			sourceTree = "<group>";
		};
		2E004F042B20D08B007EF8EB /* Preview Content */ = {
			isa = PBXGroup;
			children = (
				2E004F052B20D08B007EF8EB /* Preview Assets.xcassets */,
			);
			path = "Preview Content";
			sourceTree = "<group>";
		};
		697818AF2B30A8AF00F67C74 /* DataManagement */ = {
			isa = PBXGroup;
			children = (
				697818B02B30A8D000F67C74 /* Score.swift */,
				697818B22B30A8F000F67C74 /* Store.swift */,
			);
			path = DataManagement;
			sourceTree = "<group>";
		};
/* End PBXGroup section */

/* Begin PBXNativeTarget section */
		2E004EFA2B20D08A007EF8EB /* OpAwesome */ = {
			isa = PBXNativeTarget;
			buildConfigurationList = 2E004F092B20D08B007EF8EB /* Build configuration list for PBXNativeTarget "OpAwesome" */;
			buildPhases = (
				2E004EF72B20D08A007EF8EB /* Sources */,
				2E004EF82B20D08A007EF8EB /* Frameworks */,
				2E004EF92B20D08A007EF8EB /* Resources */,
			);
			buildRules = (
			);
			dependencies = (
			);
			name = OpAwesome;
			productName = OpAwesome;
			productReference = 2E004EFB2B20D08A007EF8EB /* OpAwesome.app */;
			productType = "com.apple.product-type.application";
		};
/* End PBXNativeTarget section */

/* Begin PBXProject section */
		2E004EF32B20D08A007EF8EB /* Project object */ = {
			isa = PBXProject;
			attributes = {
				BuildIndependentTargetsInParallel = 1;
				LastSwiftUpdateCheck = 1500;
				LastUpgradeCheck = 1500;
				TargetAttributes = {
					2E004EFA2B20D08A007EF8EB = {
						CreatedOnToolsVersion = 15.0;
					};
				};
			};
			buildConfigurationList = 2E004EF62B20D08A007EF8EB /* Build configuration list for PBXProject "OpAwesome" */;
			compatibilityVersion = "Xcode 14.0";
			developmentRegion = en;
			hasScannedForEncodings = 0;
			knownRegions = (
				en,
				Base,
			);
			mainGroup = 2E004EF22B20D08A007EF8EB;
			productRefGroup = 2E004EFC2B20D08A007EF8EB /* Products */;
			projectDirPath = "";
			projectRoot = "";
			targets = (
				2E004EFA2B20D08A007EF8EB /* OpAwesome */,
			);
		};
/* End PBXProject section */

/* Begin PBXResourcesBuildPhase section */
		2E004EF92B20D08A007EF8EB /* Resources */ = {
			isa = PBXResourcesBuildPhase;
			buildActionMask = 2147483647;
			files = (
				2E004F062B20D08B007EF8EB /* Preview Assets.xcassets in Resources */,
				2E004F032B20D08B007EF8EB /* Assets.xcassets in Resources */,
				08AE667F2B3094C300CCFE74 /* Daydream.ttf in Resources */,
			);
			runOnlyForDeploymentPostprocessing = 0;
		};
/* End PBXResourcesBuildPhase section */

/* Begin PBXSourcesBuildPhase section */
		2E004EF72B20D08A007EF8EB /* Sources */ = {
			isa = PBXSourcesBuildPhase;
			buildActionMask = 2147483647;
			files = (
				086D7E1A2B22166D003886C6 /* GameOverView.swift in Sources */,
				086D7E0A2B220C66003886C6 /* ArcadeGameScene.swift in Sources */,
				697818B52B30AB9800F67C74 /* LeaderBoardView.swift in Sources */,
				11E6642F2B2B278500239DAD /* Character.swift in Sources */,
				2E004F012B20D08A007EF8EB /* ContentView.swift in Sources */,
				086D7E082B220C50003886C6 /* ArcadeGameView.swift in Sources */,
				08AE66822B30AD8800CCFE74 /* InstructionView.swift in Sources */,
				2E004EFF2B20D08A007EF8EB /* OpAwesomeApp.swift in Sources */,
				086D7E172B221638003886C6 /* MainScreenView.swift in Sources */,
				697818B32B30A8F000F67C74 /* Store.swift in Sources */,
				086D7E0C2B220D15003886C6 /* ArcadeGameLogic.swift in Sources */,
				086D7E102B220DB2003886C6 /* Constants.swift in Sources */,
				086D7E122B220E22003886C6 /* GameDurationView.swift in Sources */,
				697818B12B30A8D000F67C74 /* Score.swift in Sources */,
				086D7E142B220E68003886C6 /* GameScoreView.swift in Sources */,
			);
			runOnlyForDeploymentPostprocessing = 0;
		};
/* End PBXSourcesBuildPhase section */

/* Begin XCBuildConfiguration section */
		2E004F072B20D08B007EF8EB /* Debug */ = {
			isa = XCBuildConfiguration;
			buildSettings = {
				ALWAYS_SEARCH_USER_PATHS = NO;
				ASSETCATALOG_COMPILER_GENERATE_SWIFT_ASSET_SYMBOL_EXTENSIONS = YES;
				CLANG_ANALYZER_NONNULL = YES;
				CLANG_ANALYZER_NUMBER_OBJECT_CONVERSION = YES_AGGRESSIVE;
				CLANG_CXX_LANGUAGE_STANDARD = "gnu++20";
				CLANG_ENABLE_MODULES = YES;
				CLANG_ENABLE_OBJC_ARC = YES;
				CLANG_ENABLE_OBJC_WEAK = YES;
				CLANG_WARN_BLOCK_CAPTURE_AUTORELEASING = YES;
				CLANG_WARN_BOOL_CONVERSION = YES;
				CLANG_WARN_COMMA = YES;
				CLANG_WARN_CONSTANT_CONVERSION = YES;
				CLANG_WARN_DEPRECATED_OBJC_IMPLEMENTATIONS = YES;
				CLANG_WARN_DIRECT_OBJC_ISA_USAGE = YES_ERROR;
				CLANG_WARN_DOCUMENTATION_COMMENTS = YES;
				CLANG_WARN_EMPTY_BODY = YES;
				CLANG_WARN_ENUM_CONVERSION = YES;
				CLANG_WARN_INFINITE_RECURSION = YES;
				CLANG_WARN_INT_CONVERSION = YES;
				CLANG_WARN_NON_LITERAL_NULL_CONVERSION = YES;
				CLANG_WARN_OBJC_IMPLICIT_RETAIN_SELF = YES;
				CLANG_WARN_OBJC_LITERAL_CONVERSION = YES;
				CLANG_WARN_OBJC_ROOT_CLASS = YES_ERROR;
				CLANG_WARN_QUOTED_INCLUDE_IN_FRAMEWORK_HEADER = YES;
				CLANG_WARN_RANGE_LOOP_ANALYSIS = YES;
				CLANG_WARN_STRICT_PROTOTYPES = YES;
				CLANG_WARN_SUSPICIOUS_MOVE = YES;
				CLANG_WARN_UNGUARDED_AVAILABILITY = YES_AGGRESSIVE;
				CLANG_WARN_UNREACHABLE_CODE = YES;
				CLANG_WARN__DUPLICATE_METHOD_MATCH = YES;
				COPY_PHASE_STRIP = NO;
				DEBUG_INFORMATION_FORMAT = dwarf;
				ENABLE_STRICT_OBJC_MSGSEND = YES;
				ENABLE_TESTABILITY = YES;
				ENABLE_USER_SCRIPT_SANDBOXING = YES;
				GCC_C_LANGUAGE_STANDARD = gnu17;
				GCC_DYNAMIC_NO_PIC = NO;
				GCC_NO_COMMON_BLOCKS = YES;
				GCC_OPTIMIZATION_LEVEL = 0;
				GCC_PREPROCESSOR_DEFINITIONS = (
					"DEBUG=1",
					"$(inherited)",
				);
				GCC_WARN_64_TO_32_BIT_CONVERSION = YES;
				GCC_WARN_ABOUT_RETURN_TYPE = YES_ERROR;
				GCC_WARN_UNDECLARED_SELECTOR = YES;
				GCC_WARN_UNINITIALIZED_AUTOS = YES_AGGRESSIVE;
				GCC_WARN_UNUSED_FUNCTION = YES;
				GCC_WARN_UNUSED_VARIABLE = YES;
				IPHONEOS_DEPLOYMENT_TARGET = 17.0;
				LOCALIZATION_PREFERS_STRING_CATALOGS = YES;
				MTL_ENABLE_DEBUG_INFO = INCLUDE_SOURCE;
				MTL_FAST_MATH = YES;
				ONLY_ACTIVE_ARCH = YES;
				SDKROOT = iphoneos;
				SWIFT_ACTIVE_COMPILATION_CONDITIONS = "DEBUG $(inherited)";
				SWIFT_OPTIMIZATION_LEVEL = "-Onone";
			};
			name = Debug;
		};
		2E004F082B20D08B007EF8EB /* Release */ = {
			isa = XCBuildConfiguration;
			buildSettings = {
				ALWAYS_SEARCH_USER_PATHS = NO;
				ASSETCATALOG_COMPILER_GENERATE_SWIFT_ASSET_SYMBOL_EXTENSIONS = YES;
				CLANG_ANALYZER_NONNULL = YES;
				CLANG_ANALYZER_NUMBER_OBJECT_CONVERSION = YES_AGGRESSIVE;
				CLANG_CXX_LANGUAGE_STANDARD = "gnu++20";
				CLANG_ENABLE_MODULES = YES;
				CLANG_ENABLE_OBJC_ARC = YES;
				CLANG_ENABLE_OBJC_WEAK = YES;
				CLANG_WARN_BLOCK_CAPTURE_AUTORELEASING = YES;
				CLANG_WARN_BOOL_CONVERSION = YES;
				CLANG_WARN_COMMA = YES;
				CLANG_WARN_CONSTANT_CONVERSION = YES;
				CLANG_WARN_DEPRECATED_OBJC_IMPLEMENTATIONS = YES;
				CLANG_WARN_DIRECT_OBJC_ISA_USAGE = YES_ERROR;
				CLANG_WARN_DOCUMENTATION_COMMENTS = YES;
				CLANG_WARN_EMPTY_BODY = YES;
				CLANG_WARN_ENUM_CONVERSION = YES;
				CLANG_WARN_INFINITE_RECURSION = YES;
				CLANG_WARN_INT_CONVERSION = YES;
				CLANG_WARN_NON_LITERAL_NULL_CONVERSION = YES;
				CLANG_WARN_OBJC_IMPLICIT_RETAIN_SELF = YES;
				CLANG_WARN_OBJC_LITERAL_CONVERSION = YES;
				CLANG_WARN_OBJC_ROOT_CLASS = YES_ERROR;
				CLANG_WARN_QUOTED_INCLUDE_IN_FRAMEWORK_HEADER = YES;
				CLANG_WARN_RANGE_LOOP_ANALYSIS = YES;
				CLANG_WARN_STRICT_PROTOTYPES = YES;
				CLANG_WARN_SUSPICIOUS_MOVE = YES;
				CLANG_WARN_UNGUARDED_AVAILABILITY = YES_AGGRESSIVE;
				CLANG_WARN_UNREACHABLE_CODE = YES;
				CLANG_WARN__DUPLICATE_METHOD_MATCH = YES;
				COPY_PHASE_STRIP = NO;
				DEBUG_INFORMATION_FORMAT = "dwarf-with-dsym";
				ENABLE_NS_ASSERTIONS = NO;
				ENABLE_STRICT_OBJC_MSGSEND = YES;
				ENABLE_USER_SCRIPT_SANDBOXING = YES;
				GCC_C_LANGUAGE_STANDARD = gnu17;
				GCC_NO_COMMON_BLOCKS = YES;
				GCC_WARN_64_TO_32_BIT_CONVERSION = YES;
				GCC_WARN_ABOUT_RETURN_TYPE = YES_ERROR;
				GCC_WARN_UNDECLARED_SELECTOR = YES;
				GCC_WARN_UNINITIALIZED_AUTOS = YES_AGGRESSIVE;
				GCC_WARN_UNUSED_FUNCTION = YES;
				GCC_WARN_UNUSED_VARIABLE = YES;
				IPHONEOS_DEPLOYMENT_TARGET = 17.0;
				LOCALIZATION_PREFERS_STRING_CATALOGS = YES;
				MTL_ENABLE_DEBUG_INFO = NO;
				MTL_FAST_MATH = YES;
				SDKROOT = iphoneos;
				SWIFT_COMPILATION_MODE = wholemodule;
				VALIDATE_PRODUCT = YES;
			};
			name = Release;
		};
		2E004F0A2B20D08B007EF8EB /* Debug */ = {
			isa = XCBuildConfiguration;
			buildSettings = {
				ASSETCATALOG_COMPILER_APPICON_NAME = AppIcon;
				ASSETCATALOG_COMPILER_GLOBAL_ACCENT_COLOR_NAME = AccentColor;
				CODE_SIGN_STYLE = Automatic;
				CURRENT_PROJECT_VERSION = 1;
				DEVELOPMENT_ASSET_PATHS = "\"OpAwesome/Preview Content\"";
				DEVELOPMENT_TEAM = 8FW56V9S55;
				ENABLE_PREVIEWS = YES;
				GENERATE_INFOPLIST_FILE = YES;
				INFOPLIST_FILE = OpAwesome/Info.plist;
				INFOPLIST_KEY_UIApplicationSceneManifest_Generation = YES;
				INFOPLIST_KEY_UIApplicationSupportsIndirectInputEvents = YES;
				INFOPLIST_KEY_UILaunchScreen_Generation = YES;
				INFOPLIST_KEY_UISupportedInterfaceOrientations = "UIInterfaceOrientationLandscapeLeft UIInterfaceOrientationLandscapeRight";
				LD_RUNPATH_SEARCH_PATHS = (
					"$(inherited)",
					"@executable_path/Frameworks",
				);
				MARKETING_VERSION = 1.0;
				PRODUCT_BUNDLE_IDENTIFIER = com.lalo.OpAwesome.oojsdlokim;
				PRODUCT_NAME = "$(TARGET_NAME)";
				SWIFT_EMIT_LOC_STRINGS = YES;
				SWIFT_VERSION = 5.0;
				TARGETED_DEVICE_FAMILY = "1,2";
			};
			name = Debug;
		};
		2E004F0B2B20D08B007EF8EB /* Release */ = {
			isa = XCBuildConfiguration;
			buildSettings = {
				ASSETCATALOG_COMPILER_APPICON_NAME = AppIcon;
				ASSETCATALOG_COMPILER_GLOBAL_ACCENT_COLOR_NAME = AccentColor;
				CODE_SIGN_STYLE = Automatic;
				CURRENT_PROJECT_VERSION = 1;
				DEVELOPMENT_ASSET_PATHS = "\"OpAwesome/Preview Content\"";
				DEVELOPMENT_TEAM = 8FW56V9S55;
				ENABLE_PREVIEWS = YES;
				GENERATE_INFOPLIST_FILE = YES;
				INFOPLIST_FILE = OpAwesome/Info.plist;
				INFOPLIST_KEY_UIApplicationSceneManifest_Generation = YES;
				INFOPLIST_KEY_UIApplicationSupportsIndirectInputEvents = YES;
				INFOPLIST_KEY_UILaunchScreen_Generation = YES;
				INFOPLIST_KEY_UISupportedInterfaceOrientations = "UIInterfaceOrientationLandscapeLeft UIInterfaceOrientationLandscapeRight";
				LD_RUNPATH_SEARCH_PATHS = (
					"$(inherited)",
					"@executable_path/Frameworks",
				);
				MARKETING_VERSION = 1.0;
				PRODUCT_BUNDLE_IDENTIFIER = com.lalo.OpAwesome.oojsdlokim;
				PRODUCT_NAME = "$(TARGET_NAME)";
				SWIFT_EMIT_LOC_STRINGS = YES;
				SWIFT_VERSION = 5.0;
				TARGETED_DEVICE_FAMILY = "1,2";
			};
			name = Release;
		};
/* End XCBuildConfiguration section */

/* Begin XCConfigurationList section */
		2E004EF62B20D08A007EF8EB /* Build configuration list for PBXProject "OpAwesome" */ = {
			isa = XCConfigurationList;
			buildConfigurations = (
				2E004F072B20D08B007EF8EB /* Debug */,
				2E004F082B20D08B007EF8EB /* Release */,
			);
			defaultConfigurationIsVisible = 0;
			defaultConfigurationName = Release;
		};
		2E004F092B20D08B007EF8EB /* Build configuration list for PBXNativeTarget "OpAwesome" */ = {
			isa = XCConfigurationList;
			buildConfigurations = (
				2E004F0A2B20D08B007EF8EB /* Debug */,
				2E004F0B2B20D08B007EF8EB /* Release */,
			);
			defaultConfigurationIsVisible = 0;
			defaultConfigurationName = Release;
		};
/* End XCConfigurationList section */
	};
	rootObject = 2E004EF32B20D08A007EF8EB /* Project object */;
}
